
Microsoft Visual Studio Solution File, Format Version 12.00
# Visual Studio 2013
VisualStudioVersion = 12.0.40629.0
MinimumVisualStudioVersion = 10.0.40219.1
Project("{FAE04EC0-301F-11D3-BF4B-00C04F79EFBC}") = "tba.Core", "tba.Core\tba.Core.csproj", "{50AEC010-2798-4DEB-8995-697A9CF96133}"
EndProject
Project("{FAE04EC0-301F-11D3-BF4B-00C04F79EFBC}") = "tba.CoreUnitTests", "tba.CoreUnitTests\tba.CoreUnitTests.csproj", "{DF485735-27C4-4ACD-B4E3-95440B20C2B9}"
EndProject
Project("{FAE04EC0-301F-11D3-BF4B-00C04F79EFBC}") = "tba.EFPersistence", "tba.EFPersistence\tba.EFPersistence.csproj", "{689342B8-1099-464C-B6BB-C297D632785B}"
EndProject
Project("{2150E333-8FDC-42A3-9474-1A3956D46DE8}") = ".nuget", ".nuget", "{F17E6A3C-940D-41CB-A2A7-BB728F9194B3}"
	ProjectSection(SolutionItems) = preProject
		.nuget\NuGet.Config = .nuget\NuGet.Config
		.nuget\NuGet.exe = .nuget\NuGet.exe
		.nuget\NuGet.targets = .nuget\NuGet.targets
	EndProjectSection
EndProject
Project("{2150E333-8FDC-42A3-9474-1A3956D46DE8}") = "Core", "Core", "{A0BFE586-589B-4581-8C30-A3CD6FDE4DE9}"
EndProject
Project("{2150E333-8FDC-42A3-9474-1A3956D46DE8}") = "Restaurant", "Restaurant", "{582298BE-A548-498F-B7E7-C0135A239F0A}"
EndProject
Project("{FAE04EC0-301F-11D3-BF4B-00C04F79EFBC}") = "tba.EmailStub", "tba.EmailStub\tba.EmailStub.csproj", "{0320D92F-DD7E-40A7-9667-8BE2365FC961}"
EndProject
Project("{FAE04EC0-301F-11D3-BF4B-00C04F79EFBC}") = "tba.MicroService", "tba.MicroService\tba.MicroService.csproj", "{73B3384A-D710-4E4B-BCD7-516F7F5532A0}"
EndProject
Project("{2150E333-8FDC-42A3-9474-1A3956D46DE8}") = "Tests", "Tests", "{57F8E68E-0C61-4531-BF8D-9E6BFFA1BE77}"
EndProject
Project("{2150E333-8FDC-42A3-9474-1A3956D46DE8}") = "CsvProcessor", "CsvProcessor", "{85A39CFB-7ED0-4175-B270-E5E58A517B40}"
EndProject
Project("{FAE04EC0-301F-11D3-BF4B-00C04F79EFBC}") = "Csv", "Csv\Csv.csproj", "{3C090668-5750-4954-A1BE-2D21A03E2CBF}"
EndProject
Project("{FAE04EC0-301F-11D3-BF4B-00C04F79EFBC}") = "CsvService", "CsvService\CsvService.csproj", "{AF2F4494-1CF5-4814-8A29-59ED6F80810D}"
EndProject
Project("{FAE04EC0-301F-11D3-BF4B-00C04F79EFBC}") = "Csv.Test", "Csv.Test\Csv.Test.csproj", "{34B76015-F75D-477E-BCBD-2DBF5A0CDFCF}"
EndProject
Project("{FAE04EC0-301F-11D3-BF4B-00C04F79EFBC}") = "tba.Restaurant", "tba.Restaurant\tba.Restaurant.csproj", "{ADCFDA49-A477-4C85-8CF4-C5F5E07D924D}"
EndProject
Project("{FAE04EC0-301F-11D3-BF4B-00C04F79EFBC}") = "tba.Restaurant.App", "tba.Restaurant.App\tba.Restaurant.App.csproj", "{ED26A91B-FB1F-446F-8977-5C11AB1B3F5C}"
EndProject
Project("{FAE04EC0-301F-11D3-BF4B-00C04F79EFBC}") = "tba.Restaurant.WebApi", "tba.Restaurant.WebApi\tba.Restaurant.WebApi.csproj", "{91312848-1A61-4157-B9DB-1CBED0EFFDBF}"
EndProject
Global
	GlobalSection(SolutionConfigurationPlatforms) = preSolution
		Debug|Any CPU = Debug|Any CPU
		Release|Any CPU = Release|Any CPU
	EndGlobalSection
	GlobalSection(ProjectConfigurationPlatforms) = postSolution
		{50AEC010-2798-4DEB-8995-697A9CF96133}.Debug|Any CPU.ActiveCfg = Debug|Any CPU
		{50AEC010-2798-4DEB-8995-697A9CF96133}.Debug|Any CPU.Build.0 = Debug|Any CPU
		{50AEC010-2798-4DEB-8995-697A9CF96133}.Release|Any CPU.ActiveCfg = Release|Any CPU
		{50AEC010-2798-4DEB-8995-697A9CF96133}.Release|Any CPU.Build.0 = Release|Any CPU
		{DF485735-27C4-4ACD-B4E3-95440B20C2B9}.Debug|Any CPU.ActiveCfg = Debug|Any CPU
		{DF485735-27C4-4ACD-B4E3-95440B20C2B9}.Debug|Any CPU.Build.0 = Debug|Any CPU
		{DF485735-27C4-4ACD-B4E3-95440B20C2B9}.Release|Any CPU.ActiveCfg = Release|Any CPU
		{DF485735-27C4-4ACD-B4E3-95440B20C2B9}.Release|Any CPU.Build.0 = Release|Any CPU
		{689342B8-1099-464C-B6BB-C297D632785B}.Debug|Any CPU.ActiveCfg = Debug|Any CPU
		{689342B8-1099-464C-B6BB-C297D632785B}.Debug|Any CPU.Build.0 = Debug|Any CPU
		{689342B8-1099-464C-B6BB-C297D632785B}.Release|Any CPU.ActiveCfg = Release|Any CPU
		{689342B8-1099-464C-B6BB-C297D632785B}.Release|Any CPU.Build.0 = Release|Any CPU
		{0320D92F-DD7E-40A7-9667-8BE2365FC961}.Debug|Any CPU.ActiveCfg = Debug|Any CPU
		{0320D92F-DD7E-40A7-9667-8BE2365FC961}.Debug|Any CPU.Build.0 = Debug|Any CPU
		{0320D92F-DD7E-40A7-9667-8BE2365FC961}.Release|Any CPU.ActiveCfg = Release|Any CPU
		{0320D92F-DD7E-40A7-9667-8BE2365FC961}.Release|Any CPU.Build.0 = Release|Any CPU
		{73B3384A-D710-4E4B-BCD7-516F7F5532A0}.Debug|Any CPU.ActiveCfg = Debug|Any CPU
		{73B3384A-D710-4E4B-BCD7-516F7F5532A0}.Debug|Any CPU.Build.0 = Debug|Any CPU
		{73B3384A-D710-4E4B-BCD7-516F7F5532A0}.Release|Any CPU.ActiveCfg = Release|Any CPU
		{73B3384A-D710-4E4B-BCD7-516F7F5532A0}.Release|Any CPU.Build.0 = Release|Any CPU
		{3C090668-5750-4954-A1BE-2D21A03E2CBF}.Debug|Any CPU.ActiveCfg = Debug|Any CPU
		{3C090668-5750-4954-A1BE-2D21A03E2CBF}.Debug|Any CPU.Build.0 = Debug|Any CPU
		{3C090668-5750-4954-A1BE-2D21A03E2CBF}.Release|Any CPU.ActiveCfg = Release|Any CPU
		{3C090668-5750-4954-A1BE-2D21A03E2CBF}.Release|Any CPU.Build.0 = Release|Any CPU
		{AF2F4494-1CF5-4814-8A29-59ED6F80810D}.Debug|Any CPU.ActiveCfg = Debug|Any CPU
		{AF2F4494-1CF5-4814-8A29-59ED6F80810D}.Debug|Any CPU.Build.0 = Debug|Any CPU
		{AF2F4494-1CF5-4814-8A29-59ED6F80810D}.Release|Any CPU.ActiveCfg = Release|Any CPU
		{AF2F4494-1CF5-4814-8A29-59ED6F80810D}.Release|Any CPU.Build.0 = Release|Any CPU
		{34B76015-F75D-477E-BCBD-2DBF5A0CDFCF}.Debug|Any CPU.ActiveCfg = Debug|Any CPU
		{34B76015-F75D-477E-BCBD-2DBF5A0CDFCF}.Debug|Any CPU.Build.0 = Debug|Any CPU
		{34B76015-F75D-477E-BCBD-2DBF5A0CDFCF}.Release|Any CPU.ActiveCfg = Release|Any CPU
		{34B76015-F75D-477E-BCBD-2DBF5A0CDFCF}.Release|Any CPU.Build.0 = Release|Any CPU
		{ADCFDA49-A477-4C85-8CF4-C5F5E07D924D}.Debug|Any CPU.ActiveCfg = Debug|Any CPU
		{ADCFDA49-A477-4C85-8CF4-C5F5E07D924D}.Debug|Any CPU.Build.0 = Debug|Any CPU
		{ADCFDA49-A477-4C85-8CF4-C5F5E07D924D}.Release|Any CPU.ActiveCfg = Release|Any CPU
		{ADCFDA49-A477-4C85-8CF4-C5F5E07D924D}.Release|Any CPU.Build.0 = Release|Any CPU
		{ED26A91B-FB1F-446F-8977-5C11AB1B3F5C}.Debug|Any CPU.ActiveCfg = Debug|Any CPU
		{ED26A91B-FB1F-446F-8977-5C11AB1B3F5C}.Debug|Any CPU.Build.0 = Debug|Any CPU
		{ED26A91B-FB1F-446F-8977-5C11AB1B3F5C}.Release|Any CPU.ActiveCfg = Release|Any CPU
		{ED26A91B-FB1F-446F-8977-5C11AB1B3F5C}.Release|Any CPU.Build.0 = Release|Any CPU
		{91312848-1A61-4157-B9DB-1CBED0EFFDBF}.Debug|Any CPU.ActiveCfg = Debug|Any CPU
		{91312848-1A61-4157-B9DB-1CBED0EFFDBF}.Debug|Any CPU.Build.0 = Debug|Any CPU
		{91312848-1A61-4157-B9DB-1CBED0EFFDBF}.Release|Any CPU.ActiveCfg = Release|Any CPU
		{91312848-1A61-4157-B9DB-1CBED0EFFDBF}.Release|Any CPU.Build.0 = Release|Any CPU
	EndGlobalSection
	GlobalSection(SolutionProperties) = preSolution
		HideSolutionNode = FALSE
	EndGlobalSection
	GlobalSection(NestedProjects) = preSolution
		{50AEC010-2798-4DEB-8995-697A9CF96133} = {A0BFE586-589B-4581-8C30-A3CD6FDE4DE9}
		{DF485735-27C4-4ACD-B4E3-95440B20C2B9} = {57F8E68E-0C61-4531-BF8D-9E6BFFA1BE77}
		{689342B8-1099-464C-B6BB-C297D632785B} = {A0BFE586-589B-4581-8C30-A3CD6FDE4DE9}
		{0320D92F-DD7E-40A7-9667-8BE2365FC961} = {A0BFE586-589B-4581-8C30-A3CD6FDE4DE9}
		{73B3384A-D710-4E4B-BCD7-516F7F5532A0} = {A0BFE586-589B-4581-8C30-A3CD6FDE4DE9}
		{3C090668-5750-4954-A1BE-2D21A03E2CBF} = {85A39CFB-7ED0-4175-B270-E5E58A517B40}
		{AF2F4494-1CF5-4814-8A29-59ED6F80810D} = {85A39CFB-7ED0-4175-B270-E5E58A517B40}
		{34B76015-F75D-477E-BCBD-2DBF5A0CDFCF} = {57F8E68E-0C61-4531-BF8D-9E6BFFA1BE77}
		{ADCFDA49-A477-4C85-8CF4-C5F5E07D924D} = {582298BE-A548-498F-B7E7-C0135A239F0A}
		{ED26A91B-FB1F-446F-8977-5C11AB1B3F5C} = {582298BE-A548-498F-B7E7-C0135A239F0A}
		{91312848-1A61-4157-B9DB-1CBED0EFFDBF} = {582298BE-A548-498F-B7E7-C0135A239F0A}
	EndGlobalSection
EndGlobal
